// !$*UTF8*$!
{
	archiveVersion = 1;
	classes = {
	};
	objectVersion = 77;
	objects = {

/* Begin PBXBuildFile section */
		9564232B2E1CFBB400588CE8 /* SnapKit in Frameworks */ = {isa = PBXBuildFile; productRef = 9564232A2E1CFBB400588CE8 /* SnapKit */; };
		9564232E2E1CFBC800588CE8 /* RxCocoa in Frameworks */ = {isa = PBXBuildFile; productRef = 9564232D2E1CFBC800588CE8 /* RxCocoa */; };
		956423312E1CFBDA00588CE8 /* Alamofire in Frameworks */ = {isa = PBXBuildFile; productRef = 956423302E1CFBDA00588CE8 /* Alamofire */; };
		956423342E1CFBE800588CE8 /* Kingfisher in Frameworks */ = {isa = PBXBuildFile; productRef = 956423332E1CFBE800588CE8 /* Kingfisher */; };
/* End PBXBuildFile section */

/* Begin PBXContainerItemProxy section */
		956422B92E1CBCAB00588CE8 /* PBXContainerItemProxy */ = {
			isa = PBXContainerItemProxy;
			containerPortal = 956422972E1CBCA900588CE8 /* Project object */;
			proxyType = 1;
			remoteGlobalIDString = 9564229E2E1CBCA900588CE8;
			remoteInfo = MyCleanProjectt;
		};
		956422C32E1CBCAB00588CE8 /* PBXContainerItemProxy */ = {
			isa = PBXContainerItemProxy;
			containerPortal = 956422972E1CBCA900588CE8 /* Project object */;
			proxyType = 1;
			remoteGlobalIDString = 9564229E2E1CBCA900588CE8;
			remoteInfo = MyCleanProjectt;
		};
/* End PBXContainerItemProxy section */

/* Begin PBXFileReference section */
		9564229F2E1CBCA900588CE8 /* MyCleanProjectt.app */ = {isa = PBXFileReference; explicitFileType = wrapper.application; includeInIndex = 0; path = MyCleanProjectt.app; sourceTree = BUILT_PRODUCTS_DIR; };
		956422B82E1CBCAB00588CE8 /* MyCleanProjecttTests.xctest */ = {isa = PBXFileReference; explicitFileType = wrapper.cfbundle; includeInIndex = 0; path = MyCleanProjecttTests.xctest; sourceTree = BUILT_PRODUCTS_DIR; };
		956422C22E1CBCAB00588CE8 /* MyCleanProjecttUITests.xctest */ = {isa = PBXFileReference; explicitFileType = wrapper.cfbundle; includeInIndex = 0; path = MyCleanProjecttUITests.xctest; sourceTree = BUILT_PRODUCTS_DIR; };
/* End PBXFileReference section */

/* Begin PBXFileSystemSynchronizedBuildFileExceptionSet section */
		956422CA2E1CBCAB00588CE8 /* Exceptions for "MyCleanProjectt" folder in "MyCleanProjectt" target */ = {
			isa = PBXFileSystemSynchronizedBuildFileExceptionSet;
			membershipExceptions = (
				Info.plist,
			);
			target = 9564229E2E1CBCA900588CE8 /* MyCleanProjectt */;
		};
/* End PBXFileSystemSynchronizedBuildFileExceptionSet section */

/* Begin PBXFileSystemSynchronizedRootGroup section */
		956422A12E1CBCA900588CE8 /* MyCleanProjectt */ = {
			isa = PBXFileSystemSynchronizedRootGroup;
			exceptions = (
				956422CA2E1CBCAB00588CE8 /* Exceptions for "MyCleanProjectt" folder in "MyCleanProjectt" target */,
			);
			path = MyCleanProjectt;
			sourceTree = "<group>";
		};
		956422BB2E1CBCAB00588CE8 /* MyCleanProjecttTests */ = {
			isa = PBXFileSystemSynchronizedRootGroup;
			path = MyCleanProjecttTests;
			sourceTree = "<group>";
		};
		956422C52E1CBCAB00588CE8 /* MyCleanProjecttUITests */ = {
			isa = PBXFileSystemSynchronizedRootGroup;
			path = MyCleanProjecttUITests;
			sourceTree = "<group>";
		};
/* End PBXFileSystemSynchronizedRootGroup section */

/* Begin PBXFrameworksBuildPhase section */
		9564229C2E1CBCA900588CE8 /* Frameworks */ = {
			isa = PBXFrameworksBuildPhase;
			buildActionMask = 2147483647;
			files = (
				956423342E1CFBE800588CE8 /* Kingfisher in Frameworks */,
				956423312E1CFBDA00588CE8 /* Alamofire in Frameworks */,
				9564232E2E1CFBC800588CE8 /* RxCocoa in Frameworks */,
				9564232B2E1CFBB400588CE8 /* SnapKit in Frameworks */,
			);
			runOnlyForDeploymentPostprocessing = 0;
		};
		956422B52E1CBCAB00588CE8 /* Frameworks */ = {
			isa = PBXFrameworksBuildPhase;
			buildActionMask = 2147483647;
			files = (
			);
			runOnlyForDeploymentPostprocessing = 0;
		};
		956422BF2E1CBCAB00588CE8 /* Frameworks */ = {
			isa = PBXFrameworksBuildPhase;
			buildActionMask = 2147483647;
			files = (
			);
			runOnlyForDeploymentPostprocessing = 0;
		};
/* End PBXFrameworksBuildPhase section */

/* Begin PBXGroup section */
		956422962E1CBCA900588CE8 = {
			isa = PBXGroup;
			children = (
				956422A12E1CBCA900588CE8 /* MyCleanProjectt */,
				956422BB2E1CBCAB00588CE8 /* MyCleanProjecttTests */,
				956422C52E1CBCAB00588CE8 /* MyCleanProjecttUITests */,
				956422A02E1CBCA900588CE8 /* Products */,
			);
			sourceTree = "<group>";
		};
		956422A02E1CBCA900588CE8 /* Products */ = {
			isa = PBXGroup;
			children = (
				9564229F2E1CBCA900588CE8 /* MyCleanProjectt.app */,
				956422B82E1CBCAB00588CE8 /* MyCleanProjecttTests.xctest */,
				956422C22E1CBCAB00588CE8 /* MyCleanProjecttUITests.xctest */,
			);
			name = Products;
			sourceTree = "<group>";
		};
/* End PBXGroup section */

/* Begin PBXNativeTarget section */
		9564229E2E1CBCA900588CE8 /* MyCleanProjectt */ = {
			isa = PBXNativeTarget;
			buildConfigurationList = 956422CB2E1CBCAB00588CE8 /* Build configuration list for PBXNativeTarget "MyCleanProjectt" */;
			buildPhases = (
				9564229B2E1CBCA900588CE8 /* Sources */,
				9564229C2E1CBCA900588CE8 /* Frameworks */,
				9564229D2E1CBCA900588CE8 /* Resources */,
			);
			buildRules = (
			);
			dependencies = (
			);
			fileSystemSynchronizedGroups = (
				956422A12E1CBCA900588CE8 /* MyCleanProjectt */,
			);
			name = MyCleanProjectt;
			packageProductDependencies = (
				9564232A2E1CFBB400588CE8 /* SnapKit */,
				9564232D2E1CFBC800588CE8 /* RxCocoa */,
				956423302E1CFBDA00588CE8 /* Alamofire */,
				956423332E1CFBE800588CE8 /* Kingfisher */,
			);
			productName = MyCleanProjectt;
			productReference = 9564229F2E1CBCA900588CE8 /* MyCleanProjectt.app */;
			productType = "com.apple.product-type.application";
		};
		956422B72E1CBCAB00588CE8 /* MyCleanProjecttTests */ = {
			isa = PBXNativeTarget;
			buildConfigurationList = 956422D02E1CBCAB00588CE8 /* Build configuration list for PBXNativeTarget "MyCleanProjecttTests" */;
			buildPhases = (
				956422B42E1CBCAB00588CE8 /* Sources */,
				956422B52E1CBCAB00588CE8 /* Frameworks */,
				956422B62E1CBCAB00588CE8 /* Resources */,
			);
			buildRules = (
			);
			dependencies = (
				956422BA2E1CBCAB00588CE8 /* PBXTargetDependency */,
			);
			fileSystemSynchronizedGroups = (
				956422BB2E1CBCAB00588CE8 /* MyCleanProjecttTests */,
			);
			name = MyCleanProjecttTests;
			packageProductDependencies = (
			);
			productName = MyCleanProjecttTests;
			productReference = 956422B82E1CBCAB00588CE8 /* MyCleanProjecttTests.xctest */;
			productType = "com.apple.product-type.bundle.unit-test";
		};
		956422C12E1CBCAB00588CE8 /* MyCleanProjecttUITests */ = {
			isa = PBXNativeTarget;
			buildConfigurationList = 956422D32E1CBCAB00588CE8 /* Build configuration list for PBXNativeTarget "MyCleanProjecttUITests" */;
			buildPhases = (
				956422BE2E1CBCAB00588CE8 /* Sources */,
				956422BF2E1CBCAB00588CE8 /* Frameworks */,
				956422C02E1CBCAB00588CE8 /* Resources */,
			);
			buildRules = (
			);
			dependencies = (
				956422C42E1CBCAB00588CE8 /* PBXTargetDependency */,
			);
			fileSystemSynchronizedGroups = (
				956422C52E1CBCAB00588CE8 /* MyCleanProjecttUITests */,
			);
			name = MyCleanProjecttUITests;
			packageProductDependencies = (
			);
			productName = MyCleanProjecttUITests;
			productReference = 956422C22E1CBCAB00588CE8 /* MyCleanProjecttUITests.xctest */;
			productType = "com.apple.product-type.bundle.ui-testing";
		};
/* End PBXNativeTarget section */

/* Begin PBXProject section */
		956422972E1CBCA900588CE8 /* Project object */ = {
			isa = PBXProject;
			attributes = {
				BuildIndependentTargetsInParallel = 1;
				LastSwiftUpdateCheck = 1600;
				LastUpgradeCheck = 1600;
				TargetAttributes = {
					9564229E2E1CBCA900588CE8 = {
						CreatedOnToolsVersion = 16.0;
					};
					956422B72E1CBCAB00588CE8 = {
						CreatedOnToolsVersion = 16.0;
						TestTargetID = 9564229E2E1CBCA900588CE8;
					};
					956422C12E1CBCAB00588CE8 = {
						CreatedOnToolsVersion = 16.0;
						TestTargetID = 9564229E2E1CBCA900588CE8;
					};
				};
			};
			buildConfigurationList = 9564229A2E1CBCA900588CE8 /* Build configuration list for PBXProject "MyCleanProjectt" */;
			developmentRegion = en;
			hasScannedForEncodings = 0;
			knownRegions = (
				en,
				Base,
			);
			mainGroup = 956422962E1CBCA900588CE8;
			minimizedProjectReferenceProxies = 1;
			packageReferences = (
				956423292E1CFBB400588CE8 /* XCRemoteSwiftPackageReference "SnapKit" */,
				9564232C2E1CFBC800588CE8 /* XCRemoteSwiftPackageReference "RxSwift" */,
				9564232F2E1CFBDA00588CE8 /* XCRemoteSwiftPackageReference "Alamofire" */,
				956423322E1CFBE800588CE8 /* XCRemoteSwiftPackageReference "Kingfisher" */,
			);
			preferredProjectObjectVersion = 77;
			productRefGroup = 956422A02E1CBCA900588CE8 /* Products */;
			projectDirPath = "";
			projectRoot = "";
			targets = (
				9564229E2E1CBCA900588CE8 /* MyCleanProjectt */,
				956422B72E1CBCAB00588CE8 /* MyCleanProjecttTests */,
				956422C12E1CBCAB00588CE8 /* MyCleanProjecttUITests */,
			);
		};
/* End PBXProject section */

/* Begin PBXResourcesBuildPhase section */
		9564229D2E1CBCA900588CE8 /* Resources */ = {
			isa = PBXResourcesBuildPhase;
			buildActionMask = 2147483647;
			files = (
			);
			runOnlyForDeploymentPostprocessing = 0;
		};
		956422B62E1CBCAB00588CE8 /* Resources */ = {
			isa = PBXResourcesBuildPhase;
			buildActionMask = 2147483647;
			files = (
			);
			runOnlyForDeploymentPostprocessing = 0;
		};
		956422C02E1CBCAB00588CE8 /* Resources */ = {
			isa = PBXResourcesBuildPhase;
			buildActionMask = 2147483647;
			files = (
			);
			runOnlyForDeploymentPostprocessing = 0;
		};
/* End PBXResourcesBuildPhase section */

/* Begin PBXSourcesBuildPhase section */
		9564229B2E1CBCA900588CE8 /* Sources */ = {
			isa = PBXSourcesBuildPhase;
			buildActionMask = 2147483647;
			files = (
			);
			runOnlyForDeploymentPostprocessing = 0;
		};
		956422B42E1CBCAB00588CE8 /* Sources */ = {
			isa = PBXSourcesBuildPhase;
			buildActionMask = 2147483647;
			files = (
			);
			runOnlyForDeploymentPostprocessing = 0;
		};
		956422BE2E1CBCAB00588CE8 /* Sources */ = {
			isa = PBXSourcesBuildPhase;
			buildActionMask = 2147483647;
			files = (
			);
			runOnlyForDeploymentPostprocessing = 0;
		};
/* End PBXSourcesBuildPhase section */

/* Begin PBXTargetDependency section */
		956422BA2E1CBCAB00588CE8 /* PBXTargetDependency */ = {
			isa = PBXTargetDependency;
			target = 9564229E2E1CBCA900588CE8 /* MyCleanProjectt */;
			targetProxy = 956422B92E1CBCAB00588CE8 /* PBXContainerItemProxy */;
		};
		956422C42E1CBCAB00588CE8 /* PBXTargetDependency */ = {
			isa = PBXTargetDependency;
			target = 9564229E2E1CBCA900588CE8 /* MyCleanProjectt */;
			targetProxy = 956422C32E1CBCAB00588CE8 /* PBXContainerItemProxy */;
		};
/* End PBXTargetDependency section */

/* Begin XCBuildConfiguration section */
		956422CC2E1CBCAB00588CE8 /* Debug */ = {
			isa = XCBuildConfiguration;
			buildSettings = {
				ASSETCATALOG_COMPILER_APPICON_NAME = AppIcon;
				ASSETCATALOG_COMPILER_GLOBAL_ACCENT_COLOR_NAME = AccentColor;
				CODE_SIGN_STYLE = Automatic;
				CURRENT_PROJECT_VERSION = 1;
				DEVELOPMENT_TEAM = 4WQ3M8EFMK;
				GENERATE_INFOPLIST_FILE = YES;
				INFOPLIST_FILE = MyCleanProjectt/Info.plist;
				INFOPLIST_KEY_UIApplicationSupportsIndirectInputEvents = YES;
				INFOPLIST_KEY_UILaunchStoryboardName = LaunchScreen;
				INFOPLIST_KEY_UIMainStoryboardFile = Main;
				INFOPLIST_KEY_UISupportedInterfaceOrientations_iPad = "UIInterfaceOrientationPortrait UIInterfaceOrientationPortraitUpsideDown UIInterfaceOrientationLandscapeLeft UIInterfaceOrientationLandscapeRight";
				INFOPLIST_KEY_UISupportedInterfaceOrientations_iPhone = "UIInterfaceOrientationPortrait UIInterfaceOrientationLandscapeLeft UIInterfaceOrientationLandscapeRight";
				LD_RUNPATH_SEARCH_PATHS = (
					"$(inherited)",
					"@executable_path/Frameworks",
				);
				MARKETING_VERSION = 1.0;
				PRODUCT_BUNDLE_IDENTIFIER = com.dkitec.MyCleanProjectt;
				PRODUCT_NAME = "$(TARGET_NAME)";
				SWIFT_EMIT_LOC_STRINGS = YES;
				SWIFT_VERSION = 5.0;
				TARGETED_DEVICE_FAMILY = "1,2";
			};
			name = Debug;
		};
		956422CD2E1CBCAB00588CE8 /* Release */ = {
			isa = XCBuildConfiguration;
			buildSettings = {
				ASSETCATALOG_COMPILER_APPICON_NAME = AppIcon;
				ASSETCATALOG_COMPILER_GLOBAL_ACCENT_COLOR_NAME = AccentColor;
				CODE_SIGN_STYLE = Automatic;
				CURRENT_PROJECT_VERSION = 1;
				DEVELOPMENT_TEAM = 4WQ3M8EFMK;
				GENERATE_INFOPLIST_FILE = YES;
				INFOPLIST_FILE = MyCleanProjectt/Info.plist;
				INFOPLIST_KEY_UIApplicationSupportsIndirectInputEvents = YES;
				INFOPLIST_KEY_UILaunchStoryboardName = LaunchScreen;
				INFOPLIST_KEY_UIMainStoryboardFile = Main;
				INFOPLIST_KEY_UISupportedInterfaceOrientations_iPad = "UIInterfaceOrientationPortrait UIInterfaceOrientationPortraitUpsideDown UIInterfaceOrientationLandscapeLeft UIInterfaceOrientationLandscapeRight";
				INFOPLIST_KEY_UISupportedInterfaceOrientations_iPhone = "UIInterfaceOrientationPortrait UIInterfaceOrientationLandscapeLeft UIInterfaceOrientationLandscapeRight";
				LD_RUNPATH_SEARCH_PATHS = (
					"$(inherited)",
					"@executable_path/Frameworks",
				);
				MARKETING_VERSION = 1.0;
				PRODUCT_BUNDLE_IDENTIFIER = com.dkitec.MyCleanProjectt;
				PRODUCT_NAME = "$(TARGET_NAME)";
				SWIFT_EMIT_LOC_STRINGS = YES;
				SWIFT_VERSION = 5.0;
				TARGETED_DEVICE_FAMILY = "1,2";
			};
			name = Release;
		};
		956422CE2E1CBCAB00588CE8 /* Debug */ = {
			isa = XCBuildConfiguration;
			buildSettings = {
				ALWAYS_SEARCH_USER_PATHS = NO;
				ASSETCATALOG_COMPILER_GENERATE_SWIFT_ASSET_SYMBOL_EXTENSIONS = YES;
				CLANG_ANALYZER_NONNULL = YES;
				CLANG_ANALYZER_NUMBER_OBJECT_CONVERSION = YES_AGGRESSIVE;
				CLANG_CXX_LANGUAGE_STANDARD = "gnu++20";
				CLANG_ENABLE_MODULES = YES;
				CLANG_ENABLE_OBJC_ARC = YES;
				CLANG_ENABLE_OBJC_WEAK = YES;
				CLANG_WARN_BLOCK_CAPTURE_AUTORELEASING = YES;
				CLANG_WARN_BOOL_CONVERSION = YES;
				CLANG_WARN_COMMA = YES;
				CLANG_WARN_CONSTANT_CONVERSION = YES;
				CLANG_WARN_DEPRECATED_OBJC_IMPLEMENTATIONS = YES;
				CLANG_WARN_DIRECT_OBJC_ISA_USAGE = YES_ERROR;
				CLANG_WARN_DOCUMENTATION_COMMENTS = YES;
				CLANG_WARN_EMPTY_BODY = YES;
				CLANG_WARN_ENUM_CONVERSION = YES;
				CLANG_WARN_INFINITE_RECURSION = YES;
				CLANG_WARN_INT_CONVERSION = YES;
				CLANG_WARN_NON_LITERAL_NULL_CONVERSION = YES;
				CLANG_WARN_OBJC_IMPLICIT_RETAIN_SELF = YES;
				CLANG_WARN_OBJC_LITERAL_CONVERSION = YES;
				CLANG_WARN_OBJC_ROOT_CLASS = YES_ERROR;
				CLANG_WARN_QUOTED_INCLUDE_IN_FRAMEWORK_HEADER = YES;
				CLANG_WARN_RANGE_LOOP_ANALYSIS = YES;
				CLANG_WARN_STRICT_PROTOTYPES = YES;
				CLANG_WARN_SUSPICIOUS_MOVE = YES;
				CLANG_WARN_UNGUARDED_AVAILABILITY = YES_AGGRESSIVE;
				CLANG_WARN_UNREACHABLE_CODE = YES;
				CLANG_WARN__DUPLICATE_METHOD_MATCH = YES;
				COPY_PHASE_STRIP = NO;
				DEBUG_INFORMATION_FORMAT = dwarf;
				ENABLE_STRICT_OBJC_MSGSEND = YES;
				ENABLE_TESTABILITY = YES;
				ENABLE_USER_SCRIPT_SANDBOXING = YES;
				GCC_C_LANGUAGE_STANDARD = gnu17;
				GCC_DYNAMIC_NO_PIC = NO;
				GCC_NO_COMMON_BLOCKS = YES;
				GCC_OPTIMIZATION_LEVEL = 0;
				GCC_PREPROCESSOR_DEFINITIONS = (
					"DEBUG=1",
					"$(inherited)",
				);
				GCC_WARN_64_TO_32_BIT_CONVERSION = YES;
				GCC_WARN_ABOUT_RETURN_TYPE = YES_ERROR;
				GCC_WARN_UNDECLARED_SELECTOR = YES;
				GCC_WARN_UNINITIALIZED_AUTOS = YES_AGGRESSIVE;
				GCC_WARN_UNUSED_FUNCTION = YES;
				GCC_WARN_UNUSED_VARIABLE = YES;
				IPHONEOS_DEPLOYMENT_TARGET = 18.0;
				LOCALIZATION_PREFERS_STRING_CATALOGS = YES;
				MTL_ENABLE_DEBUG_INFO = INCLUDE_SOURCE;
				MTL_FAST_MATH = YES;
				ONLY_ACTIVE_ARCH = YES;
				SDKROOT = iphoneos;
				SWIFT_ACTIVE_COMPILATION_CONDITIONS = "DEBUG $(inherited)";
				SWIFT_OPTIMIZATION_LEVEL = "-Onone";
			};
			name = Debug;
		};
		956422CF2E1CBCAB00588CE8 /* Release */ = {
			isa = XCBuildConfiguration;
			buildSettings = {
				ALWAYS_SEARCH_USER_PATHS = NO;
				ASSETCATALOG_COMPILER_GENERATE_SWIFT_ASSET_SYMBOL_EXTENSIONS = YES;
				CLANG_ANALYZER_NONNULL = YES;
				CLANG_ANALYZER_NUMBER_OBJECT_CONVERSION = YES_AGGRESSIVE;
				CLANG_CXX_LANGUAGE_STANDARD = "gnu++20";
				CLANG_ENABLE_MODULES = YES;
				CLANG_ENABLE_OBJC_ARC = YES;
				CLANG_ENABLE_OBJC_WEAK = YES;
				CLANG_WARN_BLOCK_CAPTURE_AUTORELEASING = YES;
				CLANG_WARN_BOOL_CONVERSION = YES;
				CLANG_WARN_COMMA = YES;
				CLANG_WARN_CONSTANT_CONVERSION = YES;
				CLANG_WARN_DEPRECATED_OBJC_IMPLEMENTATIONS = YES;
				CLANG_WARN_DIRECT_OBJC_ISA_USAGE = YES_ERROR;
				CLANG_WARN_DOCUMENTATION_COMMENTS = YES;
				CLANG_WARN_EMPTY_BODY = YES;
				CLANG_WARN_ENUM_CONVERSION = YES;
				CLANG_WARN_INFINITE_RECURSION = YES;
				CLANG_WARN_INT_CONVERSION = YES;
				CLANG_WARN_NON_LITERAL_NULL_CONVERSION = YES;
				CLANG_WARN_OBJC_IMPLICIT_RETAIN_SELF = YES;
				CLANG_WARN_OBJC_LITERAL_CONVERSION = YES;
				CLANG_WARN_OBJC_ROOT_CLASS = YES_ERROR;
				CLANG_WARN_QUOTED_INCLUDE_IN_FRAMEWORK_HEADER = YES;
				CLANG_WARN_RANGE_LOOP_ANALYSIS = YES;
				CLANG_WARN_STRICT_PROTOTYPES = YES;
				CLANG_WARN_SUSPICIOUS_MOVE = YES;
				CLANG_WARN_UNGUARDED_AVAILABILITY = YES_AGGRESSIVE;
				CLANG_WARN_UNREACHABLE_CODE = YES;
				CLANG_WARN__DUPLICATE_METHOD_MATCH = YES;
				COPY_PHASE_STRIP = NO;
				DEBUG_INFORMATION_FORMAT = "dwarf-with-dsym";
				ENABLE_NS_ASSERTIONS = NO;
				ENABLE_STRICT_OBJC_MSGSEND = YES;
				ENABLE_USER_SCRIPT_SANDBOXING = YES;
				GCC_C_LANGUAGE_STANDARD = gnu17;
				GCC_NO_COMMON_BLOCKS = YES;
				GCC_WARN_64_TO_32_BIT_CONVERSION = YES;
				GCC_WARN_ABOUT_RETURN_TYPE = YES_ERROR;
				GCC_WARN_UNDECLARED_SELECTOR = YES;
				GCC_WARN_UNINITIALIZED_AUTOS = YES_AGGRESSIVE;
				GCC_WARN_UNUSED_FUNCTION = YES;
				GCC_WARN_UNUSED_VARIABLE = YES;
				IPHONEOS_DEPLOYMENT_TARGET = 18.0;
				LOCALIZATION_PREFERS_STRING_CATALOGS = YES;
				MTL_ENABLE_DEBUG_INFO = NO;
				MTL_FAST_MATH = YES;
				SDKROOT = iphoneos;
				SWIFT_COMPILATION_MODE = wholemodule;
				VALIDATE_PRODUCT = YES;
			};
			name = Release;
		};
		956422D12E1CBCAB00588CE8 /* Debug */ = {
			isa = XCBuildConfiguration;
			buildSettings = {
				BUNDLE_LOADER = "$(TEST_HOST)";
				CODE_SIGN_STYLE = Automatic;
				CURRENT_PROJECT_VERSION = 1;
				DEVELOPMENT_TEAM = 4WQ3M8EFMK;
				GENERATE_INFOPLIST_FILE = YES;
				IPHONEOS_DEPLOYMENT_TARGET = 18.0;
				MARKETING_VERSION = 1.0;
				PRODUCT_BUNDLE_IDENTIFIER = com.dkitec.MyCleanProjecttTests;
				PRODUCT_NAME = "$(TARGET_NAME)";
				SWIFT_EMIT_LOC_STRINGS = NO;
				SWIFT_VERSION = 5.0;
				TARGETED_DEVICE_FAMILY = "1,2";
				TEST_HOST = "$(BUILT_PRODUCTS_DIR)/MyCleanProjectt.app/$(BUNDLE_EXECUTABLE_FOLDER_PATH)/MyCleanProjectt";
			};
			name = Debug;
		};
		956422D22E1CBCAB00588CE8 /* Release */ = {
			isa = XCBuildConfiguration;
			buildSettings = {
				BUNDLE_LOADER = "$(TEST_HOST)";
				CODE_SIGN_STYLE = Automatic;
				CURRENT_PROJECT_VERSION = 1;
				DEVELOPMENT_TEAM = 4WQ3M8EFMK;
				GENERATE_INFOPLIST_FILE = YES;
				IPHONEOS_DEPLOYMENT_TARGET = 18.0;
				MARKETING_VERSION = 1.0;
				PRODUCT_BUNDLE_IDENTIFIER = com.dkitec.MyCleanProjecttTests;
				PRODUCT_NAME = "$(TARGET_NAME)";
				SWIFT_EMIT_LOC_STRINGS = NO;
				SWIFT_VERSION = 5.0;
				TARGETED_DEVICE_FAMILY = "1,2";
				TEST_HOST = "$(BUILT_PRODUCTS_DIR)/MyCleanProjectt.app/$(BUNDLE_EXECUTABLE_FOLDER_PATH)/MyCleanProjectt";
			};
			name = Release;
		};
		956422D42E1CBCAB00588CE8 /* Debug */ = {
			isa = XCBuildConfiguration;
			buildSettings = {
				CODE_SIGN_STYLE = Automatic;
				CURRENT_PROJECT_VERSION = 1;
				DEVELOPMENT_TEAM = 4WQ3M8EFMK;
				GENERATE_INFOPLIST_FILE = YES;
				MARKETING_VERSION = 1.0;
				PRODUCT_BUNDLE_IDENTIFIER = com.dkitec.MyCleanProjecttUITests;
				PRODUCT_NAME = "$(TARGET_NAME)";
				SWIFT_EMIT_LOC_STRINGS = NO;
				SWIFT_VERSION = 5.0;
				TARGETED_DEVICE_FAMILY = "1,2";
				TEST_TARGET_NAME = MyCleanProjectt;
			};
			name = Debug;
		};
		956422D52E1CBCAB00588CE8 /* Release */ = {
			isa = XCBuildConfiguration;
			buildSettings = {
				CODE_SIGN_STYLE = Automatic;
				CURRENT_PROJECT_VERSION = 1;
				DEVELOPMENT_TEAM = 4WQ3M8EFMK;
				GENERATE_INFOPLIST_FILE = YES;
				MARKETING_VERSION = 1.0;
				PRODUCT_BUNDLE_IDENTIFIER = com.dkitec.MyCleanProjecttUITests;
				PRODUCT_NAME = "$(TARGET_NAME)";
				SWIFT_EMIT_LOC_STRINGS = NO;
				SWIFT_VERSION = 5.0;
				TARGETED_DEVICE_FAMILY = "1,2";
				TEST_TARGET_NAME = MyCleanProjectt;
			};
			name = Release;
		};
/* End XCBuildConfiguration section */

/* Begin XCConfigurationList section */
		9564229A2E1CBCA900588CE8 /* Build configuration list for PBXProject "MyCleanProjectt" */ = {
			isa = XCConfigurationList;
			buildConfigurations = (
				956422CE2E1CBCAB00588CE8 /* Debug */,
				956422CF2E1CBCAB00588CE8 /* Release */,
			);
			defaultConfigurationIsVisible = 0;
			defaultConfigurationName = Release;
		};
		956422CB2E1CBCAB00588CE8 /* Build configuration list for PBXNativeTarget "MyCleanProjectt" */ = {
			isa = XCConfigurationList;
			buildConfigurations = (
				956422CC2E1CBCAB00588CE8 /* Debug */,
				956422CD2E1CBCAB00588CE8 /* Release */,
			);
			defaultConfigurationIsVisible = 0;
			defaultConfigurationName = Release;
		};
		956422D02E1CBCAB00588CE8 /* Build configuration list for PBXNativeTarget "MyCleanProjecttTests" */ = {
			isa = XCConfigurationList;
			buildConfigurations = (
				956422D12E1CBCAB00588CE8 /* Debug */,
				956422D22E1CBCAB00588CE8 /* Release */,
			);
			defaultConfigurationIsVisible = 0;
			defaultConfigurationName = Release;
		};
		956422D32E1CBCAB00588CE8 /* Build configuration list for PBXNativeTarget "MyCleanProjecttUITests" */ = {
			isa = XCConfigurationList;
			buildConfigurations = (
				956422D42E1CBCAB00588CE8 /* Debug */,
				956422D52E1CBCAB00588CE8 /* Release */,
			);
			defaultConfigurationIsVisible = 0;
			defaultConfigurationName = Release;
		};
/* End XCConfigurationList section */

/* Begin XCRemoteSwiftPackageReference section */
		956423292E1CFBB400588CE8 /* XCRemoteSwiftPackageReference "SnapKit" */ = {
			isa = XCRemoteSwiftPackageReference;
			repositoryURL = "https://github.com/SnapKit/SnapKit";
			requirement = {
				kind = upToNextMajorVersion;
				minimumVersion = 5.7.1;
			};
		};
		9564232C2E1CFBC800588CE8 /* XCRemoteSwiftPackageReference "RxSwift" */ = {
			isa = XCRemoteSwiftPackageReference;
			repositoryURL = "https://github.com/ReactiveX/RxSwift.git";
			requirement = {
				kind = upToNextMajorVersion;
				minimumVersion = 6.9.0;
			};
		};
		9564232F2E1CFBDA00588CE8 /* XCRemoteSwiftPackageReference "Alamofire" */ = {
			isa = XCRemoteSwiftPackageReference;
			repositoryURL = "https://github.com/Alamofire/Alamofire.git";
			requirement = {
				kind = upToNextMajorVersion;
				minimumVersion = 5.10.2;
			};
		};
		956423322E1CFBE800588CE8 /* XCRemoteSwiftPackageReference "Kingfisher" */ = {
			isa = XCRemoteSwiftPackageReference;
			repositoryURL = "https://github.com/onevcat/Kingfisher";
			requirement = {
				kind = upToNextMajorVersion;
				minimumVersion = 8.4.0;
			};
		};
/* End XCRemoteSwiftPackageReference section */

/* Begin XCSwiftPackageProductDependency section */
		9564232A2E1CFBB400588CE8 /* SnapKit */ = {
			isa = XCSwiftPackageProductDependency;
			package = 956423292E1CFBB400588CE8 /* XCRemoteSwiftPackageReference "SnapKit" */;
			productName = SnapKit;
		};
		9564232D2E1CFBC800588CE8 /* RxCocoa */ = {
			isa = XCSwiftPackageProductDependency;
			package = 9564232C2E1CFBC800588CE8 /* XCRemoteSwiftPackageReference "RxSwift" */;
			productName = RxCocoa;
		};
		956423302E1CFBDA00588CE8 /* Alamofire */ = {
			isa = XCSwiftPackageProductDependency;
			package = 9564232F2E1CFBDA00588CE8 /* XCRemoteSwiftPackageReference "Alamofire" */;
			productName = Alamofire;
		};
		956423332E1CFBE800588CE8 /* Kingfisher */ = {
			isa = XCSwiftPackageProductDependency;
			package = 956423322E1CFBE800588CE8 /* XCRemoteSwiftPackageReference "Kingfisher" */;
			productName = Kingfisher;
		};
/* End XCSwiftPackageProductDependency section */
	};
	rootObject = 956422972E1CBCA900588CE8 /* Project object */;
}
